
Microsoft Visual Studio Solution File, Format Version 12.00
# Visual Studio Version 16
VisualStudioVersion = 16.0.31729.503
MinimumVisualStudioVersion = 10.0.40219.1
Project("{FAE04EC0-301F-11D3-BF4B-00C04F79EFBC}") = "WindowsFormsApp1", "WindowsFormsApp1\WindowsFormsApp1.csproj", "{8D9E9ABF-BA9A-46E3-A5B0-744AE1A9AE55}"
EndProject
Global
	GlobalSection(SolutionConfigurationPlatforms) = preSolution
		Debug|Any CPU = Debug|Any CPU
		Release|Any CPU = Release|Any CPU
	EndGlobalSection
	GlobalSection(ProjectConfigurationPlatforms) = postSolution
		{8D9E9ABF-BA9A-46E3-A5B0-744AE1A9AE55}.Debug|Any CPU.ActiveCfg = Debug|Any CPU
		{8D9E9ABF-BA9A-46E3-A5B0-744AE1A9AE55}.Debug|Any CPU.Build.0 = Debug|Any CPU
		{8D9E9ABF-BA9A-46E3-A5B0-744AE1A9AE55}.Release|Any CPU.ActiveCfg = Release|Any CPU
		{8D9E9ABF-BA9A-46E3-A5B0-744AE1A9AE55}.Release|Any CPU.Build.0 = Release|Any CPU
	EndGlobalSection
	GlobalSection(SolutionProperties) = preSolution
		HideSolutionNode = FALSE
	EndGlobalSection
	GlobalSection(ExtensibilityGlobals) = postSolution
		SolutionGuid = {E49B0DBA-1669-4986-9D7E-A2C400ACB190}
	EndGlobalSection
EndGlobal
