
Microsoft Visual Studio Solution File, Format Version 12.00
# Visual Studio Version 18
VisualStudioVersion = 18.1.11312.151 d18.0
MinimumVisualStudioVersion = 10.0.40219.1
Project("{FAE04EC0-301F-11D3-BF4B-00C04F79EFBC}") = "WindowsFormsApp1", "WindowsFormsApp1\WindowsFormsApp1.csproj", "{8D9E9ABF-BA9A-46E3-A5B0-744AE1A9AE55}"
EndProject
Project("{2150E333-8FDC-42A3-9474-1A3956D46DE8}") = "方案項目", "方案項目", "{C9F79AEB-E98E-497E-90C1-F9E640FDA183}"
	ProjectSection(SolutionItems) = preProject
		WordVBA.cs = WordVBA.cs
	EndProjectSection
EndProject
Global
	GlobalSection(SolutionConfigurationPlatforms) = preSolution
		Debug|Any CPU = Debug|Any CPU
		Release|Any CPU = Release|Any CPU
	EndGlobalSection
	GlobalSection(ProjectConfigurationPlatforms) = postSolution
		{8D9E9ABF-BA9A-46E3-A5B0-744AE1A9AE55}.Debug|Any CPU.ActiveCfg = Debug|Any CPU
		{8D9E9ABF-BA9A-46E3-A5B0-744AE1A9AE55}.Debug|Any CPU.Build.0 = Debug|Any CPU
		{8D9E9ABF-BA9A-46E3-A5B0-744AE1A9AE55}.Release|Any CPU.ActiveCfg = Release|Any CPU
		{8D9E9ABF-BA9A-46E3-A5B0-744AE1A9AE55}.Release|Any CPU.Build.0 = Release|Any CPU
	EndGlobalSection
	GlobalSection(SolutionProperties) = preSolution
		HideSolutionNode = FALSE
	EndGlobalSection
	GlobalSection(ExtensibilityGlobals) = postSolution
		SolutionGuid = {E49B0DBA-1669-4986-9D7E-A2C400ACB190}
	EndGlobalSection
EndGlobal
